// !$*UTF8*$!
{
	archiveVersion = 1;
	classes = {
	};
	objectVersion = 46;
	objects = {

/* Begin PBXBuildFile section */
		C12C5D9B178EC5BB004640E9 /* UIKit.framework in Frameworks */ = {isa = PBXBuildFile; fileRef = C12C5D9A178EC5BB004640E9 /* UIKit.framework */; };
		C12C5D9D178EC5BB004640E9 /* Foundation.framework in Frameworks */ = {isa = PBXBuildFile; fileRef = C12C5D9C178EC5BB004640E9 /* Foundation.framework */; };
		C12C5D9F178EC5BB004640E9 /* CoreGraphics.framework in Frameworks */ = {isa = PBXBuildFile; fileRef = C12C5D9E178EC5BB004640E9 /* CoreGraphics.framework */; };
		C12C5DA1178EC5BB004640E9 /* CoreData.framework in Frameworks */ = {isa = PBXBuildFile; fileRef = C12C5DA0178EC5BB004640E9 /* CoreData.framework */; };
		C12C5DA7178EC5BB004640E9 /* InfoPlist.strings in Resources */ = {isa = PBXBuildFile; fileRef = C12C5DA5178EC5BB004640E9 /* InfoPlist.strings */; };
		C12C5DA9178EC5BB004640E9 /* main.m in Sources */ = {isa = PBXBuildFile; fileRef = C12C5DA8178EC5BB004640E9 /* main.m */; };
		C12C5DAD178EC5BB004640E9 /* AppDelegate.m in Sources */ = {isa = PBXBuildFile; fileRef = C12C5DAC178EC5BB004640E9 /* AppDelegate.m */; };
		C12C5DAF178EC5BB004640E9 /* Default.png in Resources */ = {isa = PBXBuildFile; fileRef = C12C5DAE178EC5BB004640E9 /* Default.png */; };
		C12C5DB1178EC5BB004640E9 /* Default@2x.png in Resources */ = {isa = PBXBuildFile; fileRef = C12C5DB0178EC5BB004640E9 /* Default@2x.png */; };
		C12C5DB3178EC5BB004640E9 /* Default-568h@2x.png in Resources */ = {isa = PBXBuildFile; fileRef = C12C5DB2178EC5BB004640E9 /* Default-568h@2x.png */; };
		C12C5DB6178EC5BB004640E9 /* iPMOgit.xcdatamodeld in Sources */ = {isa = PBXBuildFile; fileRef = C12C5DB4178EC5BB004640E9 /* iPMOgit.xcdatamodeld */; };
		C12C5E50178EDFBC004640E9 /* Accelerate.framework in Frameworks */ = {isa = PBXBuildFile; fileRef = C12C5E4C178EDFBC004640E9 /* Accelerate.framework */; };
		C12C5E51178EDFBC004640E9 /* AVFoundation.framework in Frameworks */ = {isa = PBXBuildFile; fileRef = C12C5E4D178EDFBC004640E9 /* AVFoundation.framework */; };
		C12C5E52178EDFBC004640E9 /* CoreMedia.framework in Frameworks */ = {isa = PBXBuildFile; fileRef = C12C5E4E178EDFBC004640E9 /* CoreMedia.framework */; };
		C12C5E53178EDFBC004640E9 /* QuartzCore.framework in Frameworks */ = {isa = PBXBuildFile; fileRef = C12C5E4F178EDFBC004640E9 /* QuartzCore.framework */; };
		C12C5E59178EDFED004640E9 /* libiconv.dylib in Frameworks */ = {isa = PBXBuildFile; fileRef = C12C5E58178EDFED004640E9 /* libiconv.dylib */; };
		C12C5E5D178EE019004640E9 /* CoreVideo.framework in Frameworks */ = {isa = PBXBuildFile; fileRef = C12C5E5C178EE019004640E9 /* CoreVideo.framework */; };
/* End PBXBuildFile section */

/* Begin PBXFileReference section */
		C12C5D96178EC5BB004640E9 /* iPMOgit.app */ = {isa = PBXFileReference; explicitFileType = wrapper.application; includeInIndex = 0; path = iPMOgit.app; sourceTree = BUILT_PRODUCTS_DIR; };
		C12C5D9A178EC5BB004640E9 /* UIKit.framework */ = {isa = PBXFileReference; lastKnownFileType = wrapper.framework; name = UIKit.framework; path = System/Library/Frameworks/UIKit.framework; sourceTree = SDKROOT; };
		C12C5D9C178EC5BB004640E9 /* Foundation.framework */ = {isa = PBXFileReference; lastKnownFileType = wrapper.framework; name = Foundation.framework; path = System/Library/Frameworks/Foundation.framework; sourceTree = SDKROOT; };
		C12C5D9E178EC5BB004640E9 /* CoreGraphics.framework */ = {isa = PBXFileReference; lastKnownFileType = wrapper.framework; name = CoreGraphics.framework; path = System/Library/Frameworks/CoreGraphics.framework; sourceTree = SDKROOT; };
		C12C5DA0178EC5BB004640E9 /* CoreData.framework */ = {isa = PBXFileReference; lastKnownFileType = wrapper.framework; name = CoreData.framework; path = System/Library/Frameworks/CoreData.framework; sourceTree = SDKROOT; };
		C12C5DA4178EC5BB004640E9 /* iPMOgit-Info.plist */ = {isa = PBXFileReference; lastKnownFileType = text.plist.xml; path = "iPMOgit-Info.plist"; sourceTree = "<group>"; };
		C12C5DA6178EC5BB004640E9 /* en */ = {isa = PBXFileReference; lastKnownFileType = text.plist.strings; name = en; path = en.lproj/InfoPlist.strings; sourceTree = "<group>"; };
		C12C5DA8178EC5BB004640E9 /* main.m */ = {isa = PBXFileReference; lastKnownFileType = sourcecode.c.objc; path = main.m; sourceTree = "<group>"; };
		C12C5DAA178EC5BB004640E9 /* iPMOgit-Prefix.pch */ = {isa = PBXFileReference; lastKnownFileType = sourcecode.c.h; path = "iPMOgit-Prefix.pch"; sourceTree = "<group>"; };
		C12C5DAB178EC5BB004640E9 /* AppDelegate.h */ = {isa = PBXFileReference; lastKnownFileType = sourcecode.c.h; path = AppDelegate.h; sourceTree = "<group>"; };
		C12C5DAC178EC5BB004640E9 /* AppDelegate.m */ = {isa = PBXFileReference; lastKnownFileType = sourcecode.c.objc; path = AppDelegate.m; sourceTree = "<group>"; };
		C12C5DAE178EC5BB004640E9 /* Default.png */ = {isa = PBXFileReference; lastKnownFileType = image.png; path = Default.png; sourceTree = "<group>"; };
		C12C5DB0178EC5BB004640E9 /* Default@2x.png */ = {isa = PBXFileReference; lastKnownFileType = image.png; path = "Default@2x.png"; sourceTree = "<group>"; };
		C12C5DB2178EC5BB004640E9 /* Default-568h@2x.png */ = {isa = PBXFileReference; lastKnownFileType = image.png; path = "Default-568h@2x.png"; sourceTree = "<group>"; };
		C12C5DB5178EC5BB004640E9 /* iPMOgit.xcdatamodel */ = {isa = PBXFileReference; lastKnownFileType = wrapper.xcdatamodel; path = iPMOgit.xcdatamodel; sourceTree = "<group>"; };
		C12C5E4C178EDFBC004640E9 /* Accelerate.framework */ = {isa = PBXFileReference; lastKnownFileType = wrapper.framework; name = Accelerate.framework; path = System/Library/Frameworks/Accelerate.framework; sourceTree = SDKROOT; };
		C12C5E4D178EDFBC004640E9 /* AVFoundation.framework */ = {isa = PBXFileReference; lastKnownFileType = wrapper.framework; name = AVFoundation.framework; path = System/Library/Frameworks/AVFoundation.framework; sourceTree = SDKROOT; };
		C12C5E4E178EDFBC004640E9 /* CoreMedia.framework */ = {isa = PBXFileReference; lastKnownFileType = wrapper.framework; name = CoreMedia.framework; path = System/Library/Frameworks/CoreMedia.framework; sourceTree = SDKROOT; };
		C12C5E4F178EDFBC004640E9 /* QuartzCore.framework */ = {isa = PBXFileReference; lastKnownFileType = wrapper.framework; name = QuartzCore.framework; path = System/Library/Frameworks/QuartzCore.framework; sourceTree = SDKROOT; };
		C12C5E58178EDFED004640E9 /* libiconv.dylib */ = {isa = PBXFileReference; lastKnownFileType = "compiled.mach-o.dylib"; name = libiconv.dylib; path = usr/lib/libiconv.dylib; sourceTree = SDKROOT; };
		C12C5E5A178EE004004640E9 /* SenTestingKit.framework */ = {isa = PBXFileReference; lastKnownFileType = wrapper.framework; name = SenTestingKit.framework; path = Library/Frameworks/SenTestingKit.framework; sourceTree = DEVELOPER_DIR; };
		C12C5E5C178EE019004640E9 /* CoreVideo.framework */ = {isa = PBXFileReference; lastKnownFileType = wrapper.framework; name = CoreVideo.framework; path = System/Library/Frameworks/CoreVideo.framework; sourceTree = SDKROOT; };
/* End PBXFileReference section */

/* Begin PBXFrameworksBuildPhase section */
		C12C5D93178EC5BB004640E9 /* Frameworks */ = {
			isa = PBXFrameworksBuildPhase;
			buildActionMask = 2147483647;
			files = (
				C12C5E5D178EE019004640E9 /* CoreVideo.framework in Frameworks */,
				C12C5E59178EDFED004640E9 /* libiconv.dylib in Frameworks */,
				C12C5E50178EDFBC004640E9 /* Accelerate.framework in Frameworks */,
				C12C5E51178EDFBC004640E9 /* AVFoundation.framework in Frameworks */,
				C12C5E52178EDFBC004640E9 /* CoreMedia.framework in Frameworks */,
				C12C5E53178EDFBC004640E9 /* QuartzCore.framework in Frameworks */,
				C12C5DA1178EC5BB004640E9 /* CoreData.framework in Frameworks */,
				C12C5D9B178EC5BB004640E9 /* UIKit.framework in Frameworks */,
				C12C5D9D178EC5BB004640E9 /* Foundation.framework in Frameworks */,
				C12C5D9F178EC5BB004640E9 /* CoreGraphics.framework in Frameworks */,
			);
			runOnlyForDeploymentPostprocessing = 0;
		};
/* End PBXFrameworksBuildPhase section */

/* Begin PBXGroup section */
		C12C5D8B178EC5BB004640E9 = {
			isa = PBXGroup;
			children = (
				C12C5DA2178EC5BB004640E9 /* iPMOgit */,
				C12C5D99178EC5BB004640E9 /* Frameworks */,
				C12C5D97178EC5BB004640E9 /* Products */,
			);
			sourceTree = "<group>";
		};
		C12C5D97178EC5BB004640E9 /* Products */ = {
			isa = PBXGroup;
			children = (
				C12C5D96178EC5BB004640E9 /* iPMOgit.app */,
			);
			name = Products;
			sourceTree = "<group>";
		};
		C12C5D99178EC5BB004640E9 /* Frameworks */ = {
			isa = PBXGroup;
			children = (
				C12C5E5C178EE019004640E9 /* CoreVideo.framework */,
				C12C5E5A178EE004004640E9 /* SenTestingKit.framework */,
				C12C5E58178EDFED004640E9 /* libiconv.dylib */,
				C12C5E4C178EDFBC004640E9 /* Accelerate.framework */,
				C12C5E4D178EDFBC004640E9 /* AVFoundation.framework */,
				C12C5E4E178EDFBC004640E9 /* CoreMedia.framework */,
				C12C5E4F178EDFBC004640E9 /* QuartzCore.framework */,
				C12C5D9A178EC5BB004640E9 /* UIKit.framework */,
				C12C5D9C178EC5BB004640E9 /* Foundation.framework */,
				C12C5D9E178EC5BB004640E9 /* CoreGraphics.framework */,
				C12C5DA0178EC5BB004640E9 /* CoreData.framework */,
			);
			name = Frameworks;
			sourceTree = "<group>";
		};
		C12C5DA2178EC5BB004640E9 /* iPMOgit */ = {
			isa = PBXGroup;
			children = (
				C12C5DAB178EC5BB004640E9 /* AppDelegate.h */,
				C12C5DAC178EC5BB004640E9 /* AppDelegate.m */,
				C12C5DB4178EC5BB004640E9 /* iPMOgit.xcdatamodeld */,
				C12C5DA3178EC5BB004640E9 /* Supporting Files */,
			);
			path = iPMOgit;
			sourceTree = "<group>";
		};
		C12C5DA3178EC5BB004640E9 /* Supporting Files */ = {
			isa = PBXGroup;
			children = (
				C12C5DA4178EC5BB004640E9 /* iPMOgit-Info.plist */,
				C12C5DA5178EC5BB004640E9 /* InfoPlist.strings */,
				C12C5DA8178EC5BB004640E9 /* main.m */,
				C12C5DAA178EC5BB004640E9 /* iPMOgit-Prefix.pch */,
				C12C5DAE178EC5BB004640E9 /* Default.png */,
				C12C5DB0178EC5BB004640E9 /* Default@2x.png */,
				C12C5DB2178EC5BB004640E9 /* Default-568h@2x.png */,
			);
			name = "Supporting Files";
			sourceTree = "<group>";
		};
/* End PBXGroup section */

/* Begin PBXNativeTarget section */
		C12C5D95178EC5BB004640E9 /* iPMOgit */ = {
			isa = PBXNativeTarget;
			buildConfigurationList = C12C5DB9178EC5BB004640E9 /* Build configuration list for PBXNativeTarget "iPMOgit" */;
			buildPhases = (
				C12C5D92178EC5BB004640E9 /* Sources */,
				C12C5D93178EC5BB004640E9 /* Frameworks */,
				C12C5D94178EC5BB004640E9 /* Resources */,
			);
			buildRules = (
			);
			dependencies = (
			);
			name = iPMOgit;
			productName = iPMOgit;
			productReference = C12C5D96178EC5BB004640E9 /* iPMOgit.app */;
			productType = "com.apple.product-type.application";
		};
/* End PBXNativeTarget section */

/* Begin PBXProject section */
		C12C5D8D178EC5BB004640E9 /* Project object */ = {
			isa = PBXProject;
			attributes = {
				LastUpgradeCheck = 0450;
				ORGANIZATIONNAME = Majjane;
			};
			buildConfigurationList = C12C5D90178EC5BB004640E9 /* Build configuration list for PBXProject "iPMOgit" */;
			compatibilityVersion = "Xcode 3.2";
			developmentRegion = English;
			hasScannedForEncodings = 0;
			knownRegions = (
				en,
			);
			mainGroup = C12C5D8B178EC5BB004640E9;
			productRefGroup = C12C5D97178EC5BB004640E9 /* Products */;
			projectDirPath = "";
			projectRoot = "";
			targets = (
				C12C5D95178EC5BB004640E9 /* iPMOgit */,
			);
		};
/* End PBXProject section */

/* Begin PBXResourcesBuildPhase section */
		C12C5D94178EC5BB004640E9 /* Resources */ = {
			isa = PBXResourcesBuildPhase;
			buildActionMask = 2147483647;
			files = (
				C12C5DA7178EC5BB004640E9 /* InfoPlist.strings in Resources */,
				C12C5DAF178EC5BB004640E9 /* Default.png in Resources */,
				C12C5DB1178EC5BB004640E9 /* Default@2x.png in Resources */,
				C12C5DB3178EC5BB004640E9 /* Default-568h@2x.png in Resources */,
			);
			runOnlyForDeploymentPostprocessing = 0;
		};
/* End PBXResourcesBuildPhase section */

/* Begin PBXSourcesBuildPhase section */
		C12C5D92178EC5BB004640E9 /* Sources */ = {
			isa = PBXSourcesBuildPhase;
			buildActionMask = 2147483647;
			files = (
				C12C5DA9178EC5BB004640E9 /* main.m in Sources */,
				C12C5DAD178EC5BB004640E9 /* AppDelegate.m in Sources */,
				C12C5DB6178EC5BB004640E9 /* iPMOgit.xcdatamodeld in Sources */,
			);
			runOnlyForDeploymentPostprocessing = 0;
		};
/* End PBXSourcesBuildPhase section */

/* Begin PBXVariantGroup section */
		C12C5DA5178EC5BB004640E9 /* InfoPlist.strings */ = {
			isa = PBXVariantGroup;
			children = (
				C12C5DA6178EC5BB004640E9 /* en */,
			);
			name = InfoPlist.strings;
			sourceTree = "<group>";
		};
/* End PBXVariantGroup section */

/* Begin XCBuildConfiguration section */
		C12C5DB7178EC5BB004640E9 /* Debug */ = {
			isa = XCBuildConfiguration;
			buildSettings = {
				ALWAYS_SEARCH_USER_PATHS = NO;
				CLANG_CXX_LANGUAGE_STANDARD = "gnu++0x";
				CLANG_CXX_LIBRARY = "libc++";
				CLANG_WARN_EMPTY_BODY = YES;
				CLANG_WARN__DUPLICATE_METHOD_MATCH = YES;
				"CODE_SIGN_IDENTITY[sdk=iphoneos*]" = "iPhone Developer";
				COPY_PHASE_STRIP = NO;
				GCC_C_LANGUAGE_STANDARD = gnu99;
				GCC_DYNAMIC_NO_PIC = NO;
				GCC_OPTIMIZATION_LEVEL = 0;
				GCC_PREPROCESSOR_DEFINITIONS = (
					"DEBUG=1",
					"$(inherited)",
				);
				GCC_SYMBOLS_PRIVATE_EXTERN = NO;
				GCC_WARN_ABOUT_RETURN_TYPE = YES;
				GCC_WARN_UNINITIALIZED_AUTOS = YES;
				GCC_WARN_UNUSED_VARIABLE = YES;
				IPHONEOS_DEPLOYMENT_TARGET = 6.0;
				ONLY_ACTIVE_ARCH = YES;
				SDKROOT = iphoneos;
			};
			name = Debug;
		};
		C12C5DB8178EC5BB004640E9 /* Release */ = {
			isa = XCBuildConfiguration;
			buildSettings = {
				ALWAYS_SEARCH_USER_PATHS = NO;
				CLANG_CXX_LANGUAGE_STANDARD = "gnu++0x";
				CLANG_CXX_LIBRARY = "libc++";
				CLANG_WARN_EMPTY_BODY = YES;
				CLANG_WARN__DUPLICATE_METHOD_MATCH = YES;
				"CODE_SIGN_IDENTITY[sdk=iphoneos*]" = "iPhone Developer";
				COPY_PHASE_STRIP = YES;
				GCC_C_LANGUAGE_STANDARD = gnu99;
				GCC_WARN_ABOUT_RETURN_TYPE = YES;
				GCC_WARN_UNINITIALIZED_AUTOS = YES;
				GCC_WARN_UNUSED_VARIABLE = YES;
				IPHONEOS_DEPLOYMENT_TARGET = 6.0;
				OTHER_CFLAGS = "-DNS_BLOCK_ASSERTIONS=1";
				SDKROOT = iphoneos;
				VALIDATE_PRODUCT = YES;
			};
			name = Release;
		};
		C12C5DBA178EC5BB004640E9 /* Debug */ = {
			isa = XCBuildConfiguration;
			buildSettings = {
				FRAMEWORK_SEARCH_PATHS = (
					"$(inherited)",
					"\"$(SYSTEM_APPS_DIR)/Xcode.app/Contents/Developer/Library/Frameworks\"",
				);
				GCC_PRECOMPILE_PREFIX_HEADER = YES;
				GCC_PREFIX_HEADER = "iPMOgit/iPMOgit-Prefix.pch";
				INFOPLIST_FILE = "iPMOgit/iPMOgit-Info.plist";
				LIBRARY_SEARCH_PATHS = (
					"$(inherited)",
					"\"$(SRCROOT)/iPMOgit/lib/ZBarSDK\"",
				);
				PRODUCT_NAME = "$(TARGET_NAME)";
				WRAPPER_EXTENSION = app;
			};
			name = Debug;
		};
		C12C5DBB178EC5BB004640E9 /* Release */ = {
			isa = XCBuildConfiguration;
			buildSettings = {
				FRAMEWORK_SEARCH_PATHS = (
					"$(inherited)",
					"\"$(SYSTEM_APPS_DIR)/Xcode.app/Contents/Developer/Library/Frameworks\"",
				);
				GCC_PRECOMPILE_PREFIX_HEADER = YES;
				GCC_PREFIX_HEADER = "iPMOgit/iPMOgit-Prefix.pch";
				INFOPLIST_FILE = "iPMOgit/iPMOgit-Info.plist";
				LIBRARY_SEARCH_PATHS = (
					"$(inherited)",
					"\"$(SRCROOT)/iPMOgit/lib/ZBarSDK\"",
				);
				PRODUCT_NAME = "$(TARGET_NAME)";
				WRAPPER_EXTENSION = app;
			};
			name = Release;
		};
/* End XCBuildConfiguration section */

/* Begin XCConfigurationList section */
		C12C5D90178EC5BB004640E9 /* Build configuration list for PBXProject "iPMOgit" */ = {
			isa = XCConfigurationList;
			buildConfigurations = (
				C12C5DB7178EC5BB004640E9 /* Debug */,
				C12C5DB8178EC5BB004640E9 /* Release */,
			);
			defaultConfigurationIsVisible = 0;
			defaultConfigurationName = Release;
		};
		C12C5DB9178EC5BB004640E9 /* Build configuration list for PBXNativeTarget "iPMOgit" */ = {
			isa = XCConfigurationList;
			buildConfigurations = (
				C12C5DBA178EC5BB004640E9 /* Debug */,
				C12C5DBB178EC5BB004640E9 /* Release */,
			);
			defaultConfigurationIsVisible = 0;
			defaultConfigurationName = Release;
		};
/* End XCConfigurationList section */

/* Begin XCVersionGroup section */
		C12C5DB4178EC5BB004640E9 /* iPMOgit.xcdatamodeld */ = {
			isa = XCVersionGroup;
			children = (
				C12C5DB5178EC5BB004640E9 /* iPMOgit.xcdatamodel */,
			);
			currentVersion = C12C5DB5178EC5BB004640E9 /* iPMOgit.xcdatamodel */;
			path = iPMOgit.xcdatamodeld;
			sourceTree = "<group>";
			versionGroupType = wrapper.xcdatamodel;
		};
/* End XCVersionGroup section */
	};
	rootObject = C12C5D8D178EC5BB004640E9 /* Project object */;
}
